// !$*UTF8*$!
{
	archiveVersion = 1;
	classes = {
	};
	objectVersion = 50;
	objects = {

/* Begin PBXBuildFile section */
		231D128E218FC2E6002C5750 /* AppDelegate.swift in Sources */ = {isa = PBXBuildFile; fileRef = 231D128D218FC2E6002C5750 /* AppDelegate.swift */; };
		231D1290218FC2E6002C5750 /* ViewController.swift in Sources */ = {isa = PBXBuildFile; fileRef = 231D128F218FC2E6002C5750 /* ViewController.swift */; };
		231D1293218FC2E7002C5750 /* Main.storyboard in Resources */ = {isa = PBXBuildFile; fileRef = 231D1291218FC2E7002C5750 /* Main.storyboard */; };
		231D1295218FC2E9002C5750 /* Assets.xcassets in Resources */ = {isa = PBXBuildFile; fileRef = 231D1294218FC2E9002C5750 /* Assets.xcassets */; };
		231D1298218FC2E9002C5750 /* LaunchScreen.storyboard in Resources */ = {isa = PBXBuildFile; fileRef = 231D1296218FC2E9002C5750 /* LaunchScreen.storyboard */; };
		231D12A0218FC338002C5750 /* PhotoCollectionViewCell.swift in Sources */ = {isa = PBXBuildFile; fileRef = 231D129F218FC338002C5750 /* PhotoCollectionViewCell.swift */; };
		231D12A7218FC387002C5750 /* UnsplashPhotoPicker.framework in Frameworks */ = {isa = PBXBuildFile; fileRef = 231D12A6218FC37E002C5750 /* UnsplashPhotoPicker.framework */; };
		231D12A8218FC387002C5750 /* UnsplashPhotoPicker.framework in Embed Frameworks */ = {isa = PBXBuildFile; fileRef = 231D12A6218FC37E002C5750 /* UnsplashPhotoPicker.framework */; settings = {ATTRIBUTES = (CodeSignOnCopy, RemoveHeadersOnCopy, ); }; };
/* End PBXBuildFile section */

/* Begin PBXContainerItemProxy section */
		231D12A5218FC37E002C5750 /* PBXContainerItemProxy */ = {
			isa = PBXContainerItemProxy;
			containerPortal = 231D12A1218FC37E002C5750 /* UnsplashPhotoPicker.xcodeproj */;
			proxyType = 2;
			remoteGlobalIDString = 23B683BB216BF83200CAA546;
			remoteInfo = UnsplashPhotoPicker;
		};
		231D12A9218FC387002C5750 /* PBXContainerItemProxy */ = {
			isa = PBXContainerItemProxy;
			containerPortal = 231D12A1218FC37E002C5750 /* UnsplashPhotoPicker.xcodeproj */;
			proxyType = 1;
			remoteGlobalIDString = 23B683BA216BF83200CAA546;
			remoteInfo = UnsplashPhotoPicker;
		};
/* End PBXContainerItemProxy section */

/* Begin PBXCopyFilesBuildPhase section */
		231D12AB218FC387002C5750 /* Embed Frameworks */ = {
			isa = PBXCopyFilesBuildPhase;
			buildActionMask = 2147483647;
			dstPath = "";
			dstSubfolderSpec = 10;
			files = (
				231D12A8218FC387002C5750 /* UnsplashPhotoPicker.framework in Embed Frameworks */,
			);
			name = "Embed Frameworks";
			runOnlyForDeploymentPostprocessing = 0;
		};
/* End PBXCopyFilesBuildPhase section */

/* Begin PBXFileReference section */
		231D128A218FC2E6002C5750 /* Example.app */ = {isa = PBXFileReference; explicitFileType = wrapper.application; includeInIndex = 0; path = Example.app; sourceTree = BUILT_PRODUCTS_DIR; };
		231D128D218FC2E6002C5750 /* AppDelegate.swift */ = {isa = PBXFileReference; lastKnownFileType = sourcecode.swift; path = AppDelegate.swift; sourceTree = "<group>"; };
		231D128F218FC2E6002C5750 /* ViewController.swift */ = {isa = PBXFileReference; lastKnownFileType = sourcecode.swift; path = ViewController.swift; sourceTree = "<group>"; };
		231D1292218FC2E7002C5750 /* Base */ = {isa = PBXFileReference; lastKnownFileType = file.storyboard; name = Base; path = Base.lproj/Main.storyboard; sourceTree = "<group>"; };
		231D1294218FC2E9002C5750 /* Assets.xcassets */ = {isa = PBXFileReference; lastKnownFileType = folder.assetcatalog; path = Assets.xcassets; sourceTree = "<group>"; };
		231D1297218FC2E9002C5750 /* Base */ = {isa = PBXFileReference; lastKnownFileType = file.storyboard; name = Base; path = Base.lproj/LaunchScreen.storyboard; sourceTree = "<group>"; };
		231D1299218FC2E9002C5750 /* Info.plist */ = {isa = PBXFileReference; lastKnownFileType = text.plist.xml; path = Info.plist; sourceTree = "<group>"; };
		231D129F218FC338002C5750 /* PhotoCollectionViewCell.swift */ = {isa = PBXFileReference; fileEncoding = 4; lastKnownFileType = sourcecode.swift; path = PhotoCollectionViewCell.swift; sourceTree = "<group>"; };
		231D12A1218FC37E002C5750 /* UnsplashPhotoPicker.xcodeproj */ = {isa = PBXFileReference; lastKnownFileType = "wrapper.pb-project"; name = UnsplashPhotoPicker.xcodeproj; path = ../UnsplashPhotoPicker/UnsplashPhotoPicker.xcodeproj; sourceTree = "<group>"; };
/* End PBXFileReference section */

/* Begin PBXFrameworksBuildPhase section */
		231D1287218FC2E6002C5750 /* Frameworks */ = {
			isa = PBXFrameworksBuildPhase;
			buildActionMask = 2147483647;
			files = (
				231D12A7218FC387002C5750 /* UnsplashPhotoPicker.framework in Frameworks */,
			);
			runOnlyForDeploymentPostprocessing = 0;
		};
/* End PBXFrameworksBuildPhase section */

/* Begin PBXGroup section */
		231D1281218FC2E6002C5750 = {
			isa = PBXGroup;
			children = (
				231D128C218FC2E6002C5750 /* Example */,
				231D128B218FC2E6002C5750 /* Products */,
				231D12A1218FC37E002C5750 /* UnsplashPhotoPicker.xcodeproj */,
			);
			sourceTree = "<group>";
		};
		231D128B218FC2E6002C5750 /* Products */ = {
			isa = PBXGroup;
			children = (
				231D128A218FC2E6002C5750 /* Example.app */,
			);
			name = Products;
			sourceTree = "<group>";
		};
		231D128C218FC2E6002C5750 /* Example */ = {
			isa = PBXGroup;
			children = (
				231D128D218FC2E6002C5750 /* AppDelegate.swift */,
				231D128F218FC2E6002C5750 /* ViewController.swift */,
				231D129F218FC338002C5750 /* PhotoCollectionViewCell.swift */,
				231D1291218FC2E7002C5750 /* Main.storyboard */,
				231D1294218FC2E9002C5750 /* Assets.xcassets */,
				231D1296218FC2E9002C5750 /* LaunchScreen.storyboard */,
				231D1299218FC2E9002C5750 /* Info.plist */,
			);
			path = Example;
			sourceTree = "<group>";
		};
		231D12A2218FC37E002C5750 /* Products */ = {
			isa = PBXGroup;
			children = (
				231D12A6218FC37E002C5750 /* UnsplashPhotoPicker.framework */,
			);
			name = Products;
			sourceTree = "<group>";
		};
/* End PBXGroup section */

/* Begin PBXNativeTarget section */
		231D1289218FC2E6002C5750 /* Example */ = {
			isa = PBXNativeTarget;
			buildConfigurationList = 231D129C218FC2E9002C5750 /* Build configuration list for PBXNativeTarget "Example" */;
			buildPhases = (
				231D1286218FC2E6002C5750 /* Sources */,
				231D1287218FC2E6002C5750 /* Frameworks */,
				231D1288218FC2E6002C5750 /* Resources */,
				231D12AB218FC387002C5750 /* Embed Frameworks */,
			);
			buildRules = (
			);
			dependencies = (
				231D12AA218FC387002C5750 /* PBXTargetDependency */,
			);
			name = Example;
			productName = Example;
			productReference = 231D128A218FC2E6002C5750 /* Example.app */;
			productType = "com.apple.product-type.application";
		};
/* End PBXNativeTarget section */

/* Begin PBXProject section */
		231D1282218FC2E6002C5750 /* Project object */ = {
			isa = PBXProject;
			attributes = {
				LastSwiftUpdateCheck = 1010;
				LastUpgradeCheck = 1010;
				ORGANIZATIONNAME = Unsplash;
				TargetAttributes = {
					231D1289218FC2E6002C5750 = {
						CreatedOnToolsVersion = 10.1;
					};
				};
			};
			buildConfigurationList = 231D1285218FC2E6002C5750 /* Build configuration list for PBXProject "Example" */;
			compatibilityVersion = "Xcode 9.3";
			developmentRegion = en;
			hasScannedForEncodings = 0;
			knownRegions = (
				en,
				Base,
			);
			mainGroup = 231D1281218FC2E6002C5750;
			productRefGroup = 231D128B218FC2E6002C5750 /* Products */;
			projectDirPath = "";
			projectReferences = (
				{
					ProductGroup = 231D12A2218FC37E002C5750 /* Products */;
					ProjectRef = 231D12A1218FC37E002C5750 /* UnsplashPhotoPicker.xcodeproj */;
				},
			);
			projectRoot = "";
			targets = (
				231D1289218FC2E6002C5750 /* Example */,
			);
		};
/* End PBXProject section */

/* Begin PBXReferenceProxy section */
		231D12A6218FC37E002C5750 /* UnsplashPhotoPicker.framework */ = {
			isa = PBXReferenceProxy;
			fileType = wrapper.framework;
			path = UnsplashPhotoPicker.framework;
			remoteRef = 231D12A5218FC37E002C5750 /* PBXContainerItemProxy */;
			sourceTree = BUILT_PRODUCTS_DIR;
		};
/* End PBXReferenceProxy section */

/* Begin PBXResourcesBuildPhase section */
		231D1288218FC2E6002C5750 /* Resources */ = {
			isa = PBXResourcesBuildPhase;
			buildActionMask = 2147483647;
			files = (
				231D1298218FC2E9002C5750 /* LaunchScreen.storyboard in Resources */,
				231D1295218FC2E9002C5750 /* Assets.xcassets in Resources */,
				231D1293218FC2E7002C5750 /* Main.storyboard in Resources */,
			);
			runOnlyForDeploymentPostprocessing = 0;
		};
/* End PBXResourcesBuildPhase section */

/* Begin PBXSourcesBuildPhase section */
		231D1286218FC2E6002C5750 /* Sources */ = {
			isa = PBXSourcesBuildPhase;
			buildActionMask = 2147483647;
			files = (
				231D1290218FC2E6002C5750 /* ViewController.swift in Sources */,
				231D128E218FC2E6002C5750 /* AppDelegate.swift in Sources */,
				231D12A0218FC338002C5750 /* PhotoCollectionViewCell.swift in Sources */,
			);
			runOnlyForDeploymentPostprocessing = 0;
		};
/* End PBXSourcesBuildPhase section */

/* Begin PBXTargetDependency section */
		231D12AA218FC387002C5750 /* PBXTargetDependency */ = {
			isa = PBXTargetDependency;
			name = UnsplashPhotoPicker;
			targetProxy = 231D12A9218FC387002C5750 /* PBXContainerItemProxy */;
		};
/* End PBXTargetDependency section */

/* Begin PBXVariantGroup section */
		231D1291218FC2E7002C5750 /* Main.storyboard */ = {
			isa = PBXVariantGroup;
			children = (
				231D1292218FC2E7002C5750 /* Base */,
			);
			name = Main.storyboard;
			sourceTree = "<group>";
		};
		231D1296218FC2E9002C5750 /* LaunchScreen.storyboard */ = {
			isa = PBXVariantGroup;
			children = (
				231D1297218FC2E9002C5750 /* Base */,
			);
			name = LaunchScreen.storyboard;
			sourceTree = "<group>";
		};
/* End PBXVariantGroup section */

/* Begin XCBuildConfiguration section */
		231D129A218FC2E9002C5750 /* Debug */ = {
			isa = XCBuildConfiguration;
			buildSettings = {
				ALWAYS_SEARCH_USER_PATHS = NO;
				CLANG_ANALYZER_NONNULL = YES;
				CLANG_ANALYZER_NUMBER_OBJECT_CONVERSION = YES_AGGRESSIVE;
				CLANG_CXX_LANGUAGE_STANDARD = "gnu++14";
				CLANG_CXX_LIBRARY = "libc++";
				CLANG_ENABLE_MODULES = YES;
				CLANG_ENABLE_OBJC_ARC = YES;
				CLANG_ENABLE_OBJC_WEAK = YES;
				CLANG_WARN_BLOCK_CAPTURE_AUTORELEASING = YES;
				CLANG_WARN_BOOL_CONVERSION = YES;
				CLANG_WARN_COMMA = YES;
				CLANG_WARN_CONSTANT_CONVERSION = YES;
				CLANG_WARN_DEPRECATED_OBJC_IMPLEMENTATIONS = YES;
				CLANG_WARN_DIRECT_OBJC_ISA_USAGE = YES_ERROR;
				CLANG_WARN_DOCUMENTATION_COMMENTS = YES;
				CLANG_WARN_EMPTY_BODY = YES;
				CLANG_WARN_ENUM_CONVERSION = YES;
				CLANG_WARN_INFINITE_RECURSION = YES;
				CLANG_WARN_INT_CONVERSION = YES;
				CLANG_WARN_NON_LITERAL_NULL_CONVERSION = YES;
				CLANG_WARN_OBJC_IMPLICIT_RETAIN_SELF = YES;
				CLANG_WARN_OBJC_LITERAL_CONVERSION = YES;
				CLANG_WARN_OBJC_ROOT_CLASS = YES_ERROR;
				CLANG_WARN_RANGE_LOOP_ANALYSIS = YES;
				CLANG_WARN_STRICT_PROTOTYPES = YES;
				CLANG_WARN_SUSPICIOUS_MOVE = YES;
				CLANG_WARN_UNGUARDED_AVAILABILITY = YES_AGGRESSIVE;
				CLANG_WARN_UNREACHABLE_CODE = YES;
				CLANG_WARN__DUPLICATE_METHOD_MATCH = YES;
				CODE_SIGN_IDENTITY = "iPhone Developer";
				COPY_PHASE_STRIP = NO;
				DEBUG_INFORMATION_FORMAT = dwarf;
				ENABLE_STRICT_OBJC_MSGSEND = YES;
				ENABLE_TESTABILITY = YES;
				GCC_C_LANGUAGE_STANDARD = gnu11;
				GCC_DYNAMIC_NO_PIC = NO;
				GCC_NO_COMMON_BLOCKS = YES;
				GCC_OPTIMIZATION_LEVEL = 0;
				GCC_PREPROCESSOR_DEFINITIONS = (
					"DEBUG=1",
					"$(inherited)",
				);
				GCC_WARN_64_TO_32_BIT_CONVERSION = YES;
				GCC_WARN_ABOUT_RETURN_TYPE = YES_ERROR;
				GCC_WARN_UNDECLARED_SELECTOR = YES;
				GCC_WARN_UNINITIALIZED_AUTOS = YES_AGGRESSIVE;
				GCC_WARN_UNUSED_FUNCTION = YES;
				GCC_WARN_UNUSED_VARIABLE = YES;
				IPHONEOS_DEPLOYMENT_TARGET = 12.1;
				MTL_ENABLE_DEBUG_INFO = INCLUDE_SOURCE;
				MTL_FAST_MATH = YES;
				ONLY_ACTIVE_ARCH = YES;
				SDKROOT = iphoneos;
				SWIFT_ACTIVE_COMPILATION_CONDITIONS = DEBUG;
				SWIFT_OPTIMIZATION_LEVEL = "-Onone";
			};
			name = Debug;
		};
		231D129B218FC2E9002C5750 /* Release */ = {
			isa = XCBuildConfiguration;
			buildSettings = {
				ALWAYS_SEARCH_USER_PATHS = NO;
				CLANG_ANALYZER_NONNULL = YES;
				CLANG_ANALYZER_NUMBER_OBJECT_CONVERSION = YES_AGGRESSIVE;
				CLANG_CXX_LANGUAGE_STANDARD = "gnu++14";
				CLANG_CXX_LIBRARY = "libc++";
				CLANG_ENABLE_MODULES = YES;
				CLANG_ENABLE_OBJC_ARC = YES;
				CLANG_ENABLE_OBJC_WEAK = YES;
				CLANG_WARN_BLOCK_CAPTURE_AUTORELEASING = YES;
				CLANG_WARN_BOOL_CONVERSION = YES;
				CLANG_WARN_COMMA = YES;
				CLANG_WARN_CONSTANT_CONVERSION = YES;
				CLANG_WARN_DEPRECATED_OBJC_IMPLEMENTATIONS = YES;
				CLANG_WARN_DIRECT_OBJC_ISA_USAGE = YES_ERROR;
				CLANG_WARN_DOCUMENTATION_COMMENTS = YES;
				CLANG_WARN_EMPTY_BODY = YES;
				CLANG_WARN_ENUM_CONVERSION = YES;
				CLANG_WARN_INFINITE_RECURSION = YES;
				CLANG_WARN_INT_CONVERSION = YES;
				CLANG_WARN_NON_LITERAL_NULL_CONVERSION = YES;
				CLANG_WARN_OBJC_IMPLICIT_RETAIN_SELF = YES;
				CLANG_WARN_OBJC_LITERAL_CONVERSION = YES;
				CLANG_WARN_OBJC_ROOT_CLASS = YES_ERROR;
				CLANG_WARN_RANGE_LOOP_ANALYSIS = YES;
				CLANG_WARN_STRICT_PROTOTYPES = YES;
				CLANG_WARN_SUSPICIOUS_MOVE = YES;
				CLANG_WARN_UNGUARDED_AVAILABILITY = YES_AGGRESSIVE;
				CLANG_WARN_UNREACHABLE_CODE = YES;
				CLANG_WARN__DUPLICATE_METHOD_MATCH = YES;
				CODE_SIGN_IDENTITY = "iPhone Developer";
				COPY_PHASE_STRIP = NO;
				DEBUG_INFORMATION_FORMAT = "dwarf-with-dsym";
				ENABLE_NS_ASSERTIONS = NO;
				ENABLE_STRICT_OBJC_MSGSEND = YES;
				GCC_C_LANGUAGE_STANDARD = gnu11;
				GCC_NO_COMMON_BLOCKS = YES;
				GCC_WARN_64_TO_32_BIT_CONVERSION = YES;
				GCC_WARN_ABOUT_RETURN_TYPE = YES_ERROR;
				GCC_WARN_UNDECLARED_SELECTOR = YES;
				GCC_WARN_UNINITIALIZED_AUTOS = YES_AGGRESSIVE;
				GCC_WARN_UNUSED_FUNCTION = YES;
				GCC_WARN_UNUSED_VARIABLE = YES;
				IPHONEOS_DEPLOYMENT_TARGET = 12.1;
				MTL_ENABLE_DEBUG_INFO = NO;
				MTL_FAST_MATH = YES;
				SDKROOT = iphoneos;
				SWIFT_COMPILATION_MODE = wholemodule;
				SWIFT_OPTIMIZATION_LEVEL = "-O";
				VALIDATE_PRODUCT = YES;
			};
			name = Release;
		};
		231D129D218FC2E9002C5750 /* Debug */ = {
			isa = XCBuildConfiguration;
			buildSettings = {
				ALWAYS_EMBED_SWIFT_STANDARD_LIBRARIES = YES;
				ASSETCATALOG_COMPILER_APPICON_NAME = AppIcon;
				CODE_SIGN_STYLE = Automatic;
				DEVELOPMENT_TEAM = "";
				INFOPLIST_FILE = Example/Info.plist;
				IPHONEOS_DEPLOYMENT_TARGET = 11.0;
				LD_RUNPATH_SEARCH_PATHS = (
					"$(inherited)",
					"@executable_path/Frameworks",
				);
				PRODUCT_BUNDLE_IDENTIFIER = com.unsplash.UnsplashPhotoPickerExample;
				PRODUCT_NAME = "$(TARGET_NAME)";
				SWIFT_VERSION = 4.2;
				TARGETED_DEVICE_FAMILY = "1,2";
			};
			name = Debug;
		};
		231D129E218FC2E9002C5750 /* Release */ = {
			isa = XCBuildConfiguration;
			buildSettings = {
				ALWAYS_EMBED_SWIFT_STANDARD_LIBRARIES = YES;
				ASSETCATALOG_COMPILER_APPICON_NAME = AppIcon;
				CODE_SIGN_STYLE = Automatic;
				DEVELOPMENT_TEAM = "";
				INFOPLIST_FILE = Example/Info.plist;
				IPHONEOS_DEPLOYMENT_TARGET = 11.0;
				LD_RUNPATH_SEARCH_PATHS = (
					"$(inherited)",
					"@executable_path/Frameworks",
				);
				PRODUCT_BUNDLE_IDENTIFIER = com.unsplash.UnsplashPhotoPickerExample;
				PRODUCT_NAME = "$(TARGET_NAME)";
				SWIFT_VERSION = 4.2;
				TARGETED_DEVICE_FAMILY = "1,2";
			};
			name = Release;
		};
/* End XCBuildConfiguration section */

/* Begin XCConfigurationList section */
		231D1285218FC2E6002C5750 /* Build configuration list for PBXProject "Example" */ = {
			isa = XCConfigurationList;
			buildConfigurations = (
				231D129A218FC2E9002C5750 /* Debug */,
				231D129B218FC2E9002C5750 /* Release */,
			);
			defaultConfigurationIsVisible = 0;
			defaultConfigurationName = Release;
		};
		231D129C218FC2E9002C5750 /* Build configuration list for PBXNativeTarget "Example" */ = {
			isa = XCConfigurationList;
			buildConfigurations = (
				231D129D218FC2E9002C5750 /* Debug */,
				231D129E218FC2E9002C5750 /* Release */,
			);
			defaultConfigurationIsVisible = 0;
			defaultConfigurationName = Release;
		};
/* End XCConfigurationList section */
	};
	rootObject = 231D1282218FC2E6002C5750 /* Project object */;
}
