{
  "object": {
    "pins": [
      {
        "package": "UnsplashPhotoPicker",
        "repositoryURL": "https://github.com/unsplash/unsplash-photopicker-ios",
        "state": {
          "branch": "master",
          "revision": "c0a1356bd4c5afac920e07c5ac42d1ece27e5c17",
          "version": null
        }
      }
    ]
  },
  "version": 1
}
